{
  "requires": true,
  "lockfileVersion": 1,
  "dependencies": {
    "next-themes": {
      "version": "0.1.1",
      "resolved": "https://registry.npmjs.org/next-themes/-/next-themes-0.1.1.tgz",
      "integrity": "sha512-Iqxt6rhS/KfK/iHJ0tfFjTcdLEAI0AgwFuAFrMwLOPK5e+MI3I+fzyvBoS+VaOS+NldUiazurhgwYhrfV0VXsQ=="
    }
  }
}
